
Microsoft Visual Studio Solution File, Format Version 12.00
# Visual Studio Version 17
VisualStudioVersion = 17.4.33122.133
MinimumVisualStudioVersion = 10.0.40219.1
Project("{9A19103F-16F7-4668-BE54-9A1E7A4F7556}") = "VConsole", "VConsole\VConsole.csproj", "{AB5B9069-2119-4110-A9D5-C7FBBDDA212E}"
EndProject
Project("{9A19103F-16F7-4668-BE54-9A1E7A4F7556}") = "VConsole.App", "VConsole.App\VConsole.App.csproj", "{49384DE8-8A50-4C20-9755-0AA0D09FC61E}"
EndProject
Project("{FAE04EC0-301F-11D3-BF4B-00C04F79EFBC}") = "VConsole.Test", "VConsole.Test\VConsole.Test.csproj", "{08EFDA96-1592-4615-A9CB-322FFF5C3B49}"
EndProject
Global
	GlobalSection(SolutionConfigurationPlatforms) = preSolution
		Debug|Any CPU = Debug|Any CPU
		Release|Any CPU = Release|Any CPU
	EndGlobalSection
	GlobalSection(ProjectConfigurationPlatforms) = postSolution
		{AB5B9069-2119-4110-A9D5-C7FBBDDA212E}.Debug|Any CPU.ActiveCfg = Debug|Any CPU
		{AB5B9069-2119-4110-A9D5-C7FBBDDA212E}.Debug|Any CPU.Build.0 = Debug|Any CPU
		{AB5B9069-2119-4110-A9D5-C7FBBDDA212E}.Release|Any CPU.ActiveCfg = Release|Any CPU
		{AB5B9069-2119-4110-A9D5-C7FBBDDA212E}.Release|Any CPU.Build.0 = Release|Any CPU
		{49384DE8-8A50-4C20-9755-0AA0D09FC61E}.Debug|Any CPU.ActiveCfg = Debug|Any CPU
		{49384DE8-8A50-4C20-9755-0AA0D09FC61E}.Debug|Any CPU.Build.0 = Debug|Any CPU
		{49384DE8-8A50-4C20-9755-0AA0D09FC61E}.Release|Any CPU.ActiveCfg = Release|Any CPU
		{49384DE8-8A50-4C20-9755-0AA0D09FC61E}.Release|Any CPU.Build.0 = Release|Any CPU
		{08EFDA96-1592-4615-A9CB-322FFF5C3B49}.Debug|Any CPU.ActiveCfg = Debug|Any CPU
		{08EFDA96-1592-4615-A9CB-322FFF5C3B49}.Debug|Any CPU.Build.0 = Debug|Any CPU
		{08EFDA96-1592-4615-A9CB-322FFF5C3B49}.Release|Any CPU.ActiveCfg = Release|Any CPU
		{08EFDA96-1592-4615-A9CB-322FFF5C3B49}.Release|Any CPU.Build.0 = Release|Any CPU
	EndGlobalSection
	GlobalSection(SolutionProperties) = preSolution
		HideSolutionNode = FALSE
	EndGlobalSection
	GlobalSection(ExtensibilityGlobals) = postSolution
		SolutionGuid = {653DF78D-F726-477B-8E4A-A9B988C79EAA}
	EndGlobalSection
EndGlobal
